
Microsoft Visual Studio Solution File, Format Version 12.00
# Visual Studio Version 17
VisualStudioVersion = 17.3.32714.290
MinimumVisualStudioVersion = 10.0.40219.1
Project("{FAE04EC0-301F-11D3-BF4B-00C04F79EFBC}") = "Лабораторная работа 9 Наследование", "Лабораторная работа 9 Наследование\Лабораторная работа 9 Наследование.csproj", "{5CE318F2-76B2-4F93-95D1-9A30DA7B448E}"
EndProject
Project("{FAE04EC0-301F-11D3-BF4B-00C04F79EFBC}") = "ElectricalLib", "ElectricalLib\ElectricalLib.csproj", "{F2785F60-C1AB-4E3D-8D7A-FF8D0FC222E7}"
EndProject
Global
	GlobalSection(SolutionConfigurationPlatforms) = preSolution
		Debug|Any CPU = Debug|Any CPU
		Release|Any CPU = Release|Any CPU
	EndGlobalSection
	GlobalSection(ProjectConfigurationPlatforms) = postSolution
		{5CE318F2-76B2-4F93-95D1-9A30DA7B448E}.Debug|Any CPU.ActiveCfg = Debug|Any CPU
		{5CE318F2-76B2-4F93-95D1-9A30DA7B448E}.Debug|Any CPU.Build.0 = Debug|Any CPU
		{5CE318F2-76B2-4F93-95D1-9A30DA7B448E}.Release|Any CPU.ActiveCfg = Release|Any CPU
		{5CE318F2-76B2-4F93-95D1-9A30DA7B448E}.Release|Any CPU.Build.0 = Release|Any CPU
		{F2785F60-C1AB-4E3D-8D7A-FF8D0FC222E7}.Debug|Any CPU.ActiveCfg = Debug|Any CPU
		{F2785F60-C1AB-4E3D-8D7A-FF8D0FC222E7}.Debug|Any CPU.Build.0 = Debug|Any CPU
		{F2785F60-C1AB-4E3D-8D7A-FF8D0FC222E7}.Release|Any CPU.ActiveCfg = Release|Any CPU
		{F2785F60-C1AB-4E3D-8D7A-FF8D0FC222E7}.Release|Any CPU.Build.0 = Release|Any CPU
	EndGlobalSection
	GlobalSection(SolutionProperties) = preSolution
		HideSolutionNode = FALSE
	EndGlobalSection
	GlobalSection(ExtensibilityGlobals) = postSolution
		SolutionGuid = {C2AB01E9-616C-4A4B-89E1-C31CF4C836DC}
	EndGlobalSection
EndGlobal
